
Microsoft Visual Studio Solution File, Format Version 12.00
# Visual Studio Version 17
VisualStudioVersion = 17.9.34616.47
MinimumVisualStudioVersion = 10.0.40219.1
Project("{FAE04EC0-301F-11D3-BF4B-00C04F79EFBC}") = "MessageTrigger", "MessageTrigger\MessageTrigger.csproj", "{463CE20D-B606-4CD2-9568-164598C55602}"
EndProject
Project("{FAE04EC0-301F-11D3-BF4B-00C04F79EFBC}") = "MessageTrigger.Core", "MessageTrigger.Core\MessageTrigger.Core.csproj", "{EEE915C1-044C-40F2-9F37-07694C8BB524}"
EndProject
Project("{FAE04EC0-301F-11D3-BF4B-00C04F79EFBC}") = "MessageTrigger.Hosting", "MessageTrigger.Hosting\MessageTrigger.Hosting.csproj", "{E9D06198-A635-4ABE-8F0A-1ABD70EBC8B9}"
EndProject
Project("{FAE04EC0-301F-11D3-BF4B-00C04F79EFBC}") = "MessageTrigger.Kafka", "MessageTrigger.Kafka\MessageTrigger.Kafka.csproj", "{1D83150A-03C1-4AEE-BA16-138329452145}"
EndProject
Project("{FAE04EC0-301F-11D3-BF4B-00C04F79EFBC}") = "MessageTrigger.StorageQueue", "MessageTrigger.StorageQueue\MessageTrigger.StorageQueue.csproj", "{4A317996-D553-4A6C-A56C-8F845E04B097}"
EndProject
Global
	GlobalSection(SolutionConfigurationPlatforms) = preSolution
		Debug|Any CPU = Debug|Any CPU
		Release|Any CPU = Release|Any CPU
	EndGlobalSection
	GlobalSection(ProjectConfigurationPlatforms) = postSolution
		{463CE20D-B606-4CD2-9568-164598C55602}.Debug|Any CPU.ActiveCfg = Debug|Any CPU
		{463CE20D-B606-4CD2-9568-164598C55602}.Debug|Any CPU.Build.0 = Debug|Any CPU
		{463CE20D-B606-4CD2-9568-164598C55602}.Release|Any CPU.ActiveCfg = Release|Any CPU
		{463CE20D-B606-4CD2-9568-164598C55602}.Release|Any CPU.Build.0 = Release|Any CPU
		{EEE915C1-044C-40F2-9F37-07694C8BB524}.Debug|Any CPU.ActiveCfg = Debug|Any CPU
		{EEE915C1-044C-40F2-9F37-07694C8BB524}.Debug|Any CPU.Build.0 = Debug|Any CPU
		{EEE915C1-044C-40F2-9F37-07694C8BB524}.Release|Any CPU.ActiveCfg = Release|Any CPU
		{EEE915C1-044C-40F2-9F37-07694C8BB524}.Release|Any CPU.Build.0 = Release|Any CPU
		{E9D06198-A635-4ABE-8F0A-1ABD70EBC8B9}.Debug|Any CPU.ActiveCfg = Debug|Any CPU
		{E9D06198-A635-4ABE-8F0A-1ABD70EBC8B9}.Debug|Any CPU.Build.0 = Debug|Any CPU
		{E9D06198-A635-4ABE-8F0A-1ABD70EBC8B9}.Release|Any CPU.ActiveCfg = Release|Any CPU
		{E9D06198-A635-4ABE-8F0A-1ABD70EBC8B9}.Release|Any CPU.Build.0 = Release|Any CPU
		{1D83150A-03C1-4AEE-BA16-138329452145}.Debug|Any CPU.ActiveCfg = Debug|Any CPU
		{1D83150A-03C1-4AEE-BA16-138329452145}.Debug|Any CPU.Build.0 = Debug|Any CPU
		{1D83150A-03C1-4AEE-BA16-138329452145}.Release|Any CPU.ActiveCfg = Release|Any CPU
		{1D83150A-03C1-4AEE-BA16-138329452145}.Release|Any CPU.Build.0 = Release|Any CPU
		{4A317996-D553-4A6C-A56C-8F845E04B097}.Debug|Any CPU.ActiveCfg = Debug|Any CPU
		{4A317996-D553-4A6C-A56C-8F845E04B097}.Debug|Any CPU.Build.0 = Debug|Any CPU
		{4A317996-D553-4A6C-A56C-8F845E04B097}.Release|Any CPU.ActiveCfg = Release|Any CPU
		{4A317996-D553-4A6C-A56C-8F845E04B097}.Release|Any CPU.Build.0 = Release|Any CPU
	EndGlobalSection
	GlobalSection(SolutionProperties) = preSolution
		HideSolutionNode = FALSE
	EndGlobalSection
	GlobalSection(ExtensibilityGlobals) = postSolution
		SolutionGuid = {309A343B-164F-4310-8963-ABE00893E062}
	EndGlobalSection
EndGlobal
